// !$*UTF8*$!
{
	archiveVersion = 1;
	classes = {
	};
	objectVersion = 56;
	objects = {

/* Begin PBXBuildFile section */
		FB176D612A48F5BF00F95045 /* AppDelegate.swift in Sources */ = {isa = PBXBuildFile; fileRef = FB176D602A48F5BF00F95045 /* AppDelegate.swift */; };
		FB176D632A48F5BF00F95045 /* SceneDelegate.swift in Sources */ = {isa = PBXBuildFile; fileRef = FB176D622A48F5BF00F95045 /* SceneDelegate.swift */; };
		FB176D652A48F5BF00F95045 /* ViewController.swift in Sources */ = {isa = PBXBuildFile; fileRef = FB176D642A48F5BF00F95045 /* ViewController.swift */; };
		FB176D682A48F5BF00F95045 /* Main.storyboard in Resources */ = {isa = PBXBuildFile; fileRef = FB176D662A48F5BF00F95045 /* Main.storyboard */; };
		FB176D6A2A48F5C000F95045 /* Assets.xcassets in Resources */ = {isa = PBXBuildFile; fileRef = FB176D692A48F5C000F95045 /* Assets.xcassets */; };
		FB176D6D2A48F5C000F95045 /* LaunchScreen.storyboard in Resources */ = {isa = PBXBuildFile; fileRef = FB176D6B2A48F5C000F95045 /* LaunchScreen.storyboard */; };
		FB176D752A48F6EC00F95045 /* gameViewController.swift in Sources */ = {isa = PBXBuildFile; fileRef = FB176D742A48F6EC00F95045 /* gameViewController.swift */; };
		FB176D772A48F86800F95045 /* flagClass.swift in Sources */ = {isa = PBXBuildFile; fileRef = FB176D762A48F86800F95045 /* flagClass.swift */; };
/* End PBXBuildFile section */

/* Begin PBXFileReference section */
		FB176D5D2A48F5BF00F95045 /* guessCountriesFlag.app */ = {isa = PBXFileReference; explicitFileType = wrapper.application; includeInIndex = 0; path = guessCountriesFlag.app; sourceTree = BUILT_PRODUCTS_DIR; };
		FB176D602A48F5BF00F95045 /* AppDelegate.swift */ = {isa = PBXFileReference; lastKnownFileType = sourcecode.swift; path = AppDelegate.swift; sourceTree = "<group>"; };
		FB176D622A48F5BF00F95045 /* SceneDelegate.swift */ = {isa = PBXFileReference; lastKnownFileType = sourcecode.swift; path = SceneDelegate.swift; sourceTree = "<group>"; };
		FB176D642A48F5BF00F95045 /* ViewController.swift */ = {isa = PBXFileReference; lastKnownFileType = sourcecode.swift; path = ViewController.swift; sourceTree = "<group>"; };
		FB176D672A48F5BF00F95045 /* Base */ = {isa = PBXFileReference; lastKnownFileType = file.storyboard; name = Base; path = Base.lproj/Main.storyboard; sourceTree = "<group>"; };
		FB176D692A48F5C000F95045 /* Assets.xcassets */ = {isa = PBXFileReference; lastKnownFileType = folder.assetcatalog; path = Assets.xcassets; sourceTree = "<group>"; };
		FB176D6C2A48F5C000F95045 /* Base */ = {isa = PBXFileReference; lastKnownFileType = file.storyboard; name = Base; path = Base.lproj/LaunchScreen.storyboard; sourceTree = "<group>"; };
		FB176D6E2A48F5C000F95045 /* Info.plist */ = {isa = PBXFileReference; lastKnownFileType = text.plist.xml; path = Info.plist; sourceTree = "<group>"; };
		FB176D742A48F6EC00F95045 /* gameViewController.swift */ = {isa = PBXFileReference; lastKnownFileType = sourcecode.swift; path = gameViewController.swift; sourceTree = "<group>"; };
		FB176D762A48F86800F95045 /* flagClass.swift */ = {isa = PBXFileReference; lastKnownFileType = sourcecode.swift; path = flagClass.swift; sourceTree = "<group>"; };
/* End PBXFileReference section */

/* Begin PBXFrameworksBuildPhase section */
		FB176D5A2A48F5BF00F95045 /* Frameworks */ = {
			isa = PBXFrameworksBuildPhase;
			buildActionMask = 2147483647;
			files = (
			);
			runOnlyForDeploymentPostprocessing = 0;
		};
/* End PBXFrameworksBuildPhase section */

/* Begin PBXGroup section */
		FB176D542A48F5BF00F95045 = {
			isa = PBXGroup;
			children = (
				FB176D5F2A48F5BF00F95045 /* guessCountriesFlag */,
				FB176D5E2A48F5BF00F95045 /* Products */,
			);
			sourceTree = "<group>";
		};
		FB176D5E2A48F5BF00F95045 /* Products */ = {
			isa = PBXGroup;
			children = (
				FB176D5D2A48F5BF00F95045 /* guessCountriesFlag.app */,
			);
			name = Products;
			sourceTree = "<group>";
		};
		FB176D5F2A48F5BF00F95045 /* guessCountriesFlag */ = {
			isa = PBXGroup;
			children = (
				FB176D602A48F5BF00F95045 /* AppDelegate.swift */,
				FB176D622A48F5BF00F95045 /* SceneDelegate.swift */,
				FB176D642A48F5BF00F95045 /* ViewController.swift */,
				FB176D742A48F6EC00F95045 /* gameViewController.swift */,
				FB176D762A48F86800F95045 /* flagClass.swift */,
				FB176D662A48F5BF00F95045 /* Main.storyboard */,
				FB176D692A48F5C000F95045 /* Assets.xcassets */,
				FB176D6B2A48F5C000F95045 /* LaunchScreen.storyboard */,
				FB176D6E2A48F5C000F95045 /* Info.plist */,
			);
			path = guessCountriesFlag;
			sourceTree = "<group>";
		};
/* End PBXGroup section */

/* Begin PBXNativeTarget section */
		FB176D5C2A48F5BF00F95045 /* guessCountriesFlag */ = {
			isa = PBXNativeTarget;
			buildConfigurationList = FB176D712A48F5C000F95045 /* Build configuration list for PBXNativeTarget "guessCountriesFlag" */;
			buildPhases = (
				FB176D592A48F5BF00F95045 /* Sources */,
				FB176D5A2A48F5BF00F95045 /* Frameworks */,
				FB176D5B2A48F5BF00F95045 /* Resources */,
			);
			buildRules = (
			);
			dependencies = (
			);
			name = guessCountriesFlag;
			productName = guessCountriesFlag;
			productReference = FB176D5D2A48F5BF00F95045 /* guessCountriesFlag.app */;
			productType = "com.apple.product-type.application";
		};
/* End PBXNativeTarget section */

/* Begin PBXProject section */
		FB176D552A48F5BF00F95045 /* Project object */ = {
			isa = PBXProject;
			attributes = {
				BuildIndependentTargetsInParallel = 1;
				LastSwiftUpdateCheck = 1430;
				LastUpgradeCheck = 1430;
				TargetAttributes = {
					FB176D5C2A48F5BF00F95045 = {
						CreatedOnToolsVersion = 14.3.1;
					};
				};
			};
			buildConfigurationList = FB176D582A48F5BF00F95045 /* Build configuration list for PBXProject "guessCountriesFlag" */;
			compatibilityVersion = "Xcode 14.0";
			developmentRegion = en;
			hasScannedForEncodings = 0;
			knownRegions = (
				en,
				Base,
			);
			mainGroup = FB176D542A48F5BF00F95045;
			productRefGroup = FB176D5E2A48F5BF00F95045 /* Products */;
			projectDirPath = "";
			projectRoot = "";
			targets = (
				FB176D5C2A48F5BF00F95045 /* guessCountriesFlag */,
			);
		};
/* End PBXProject section */

/* Begin PBXResourcesBuildPhase section */
		FB176D5B2A48F5BF00F95045 /* Resources */ = {
			isa = PBXResourcesBuildPhase;
			buildActionMask = 2147483647;
			files = (
				FB176D6D2A48F5C000F95045 /* LaunchScreen.storyboard in Resources */,
				FB176D6A2A48F5C000F95045 /* Assets.xcassets in Resources */,
				FB176D682A48F5BF00F95045 /* Main.storyboard in Resources */,
			);
			runOnlyForDeploymentPostprocessing = 0;
		};
/* End PBXResourcesBuildPhase section */

/* Begin PBXSourcesBuildPhase section */
		FB176D592A48F5BF00F95045 /* Sources */ = {
			isa = PBXSourcesBuildPhase;
			buildActionMask = 2147483647;
			files = (
				FB176D752A48F6EC00F95045 /* gameViewController.swift in Sources */,
				FB176D652A48F5BF00F95045 /* ViewController.swift in Sources */,
				FB176D612A48F5BF00F95045 /* AppDelegate.swift in Sources */,
				FB176D632A48F5BF00F95045 /* SceneDelegate.swift in Sources */,
				FB176D772A48F86800F95045 /* flagClass.swift in Sources */,
			);
			runOnlyForDeploymentPostprocessing = 0;
		};
/* End PBXSourcesBuildPhase section */

/* Begin PBXVariantGroup section */
		FB176D662A48F5BF00F95045 /* Main.storyboard */ = {
			isa = PBXVariantGroup;
			children = (
				FB176D672A48F5BF00F95045 /* Base */,
			);
			name = Main.storyboard;
			sourceTree = "<group>";
		};
		FB176D6B2A48F5C000F95045 /* LaunchScreen.storyboard */ = {
			isa = PBXVariantGroup;
			children = (
				FB176D6C2A48F5C000F95045 /* Base */,
			);
			name = LaunchScreen.storyboard;
			sourceTree = "<group>";
		};
/* End PBXVariantGroup section */

/* Begin XCBuildConfiguration section */
		FB176D6F2A48F5C000F95045 /* Debug */ = {
			isa = XCBuildConfiguration;
			buildSettings = {
				ALWAYS_SEARCH_USER_PATHS = NO;
				CLANG_ANALYZER_NONNULL = YES;
				CLANG_ANALYZER_NUMBER_OBJECT_CONVERSION = YES_AGGRESSIVE;
				CLANG_CXX_LANGUAGE_STANDARD = "gnu++20";
				CLANG_ENABLE_MODULES = YES;
				CLANG_ENABLE_OBJC_ARC = YES;
				CLANG_ENABLE_OBJC_WEAK = YES;
				CLANG_WARN_BLOCK_CAPTURE_AUTORELEASING = YES;
				CLANG_WARN_BOOL_CONVERSION = YES;
				CLANG_WARN_COMMA = YES;
				CLANG_WARN_CONSTANT_CONVERSION = YES;
				CLANG_WARN_DEPRECATED_OBJC_IMPLEMENTATIONS = YES;
				CLANG_WARN_DIRECT_OBJC_ISA_USAGE = YES_ERROR;
				CLANG_WARN_DOCUMENTATION_COMMENTS = YES;
				CLANG_WARN_EMPTY_BODY = YES;
				CLANG_WARN_ENUM_CONVERSION = YES;
				CLANG_WARN_INFINITE_RECURSION = YES;
				CLANG_WARN_INT_CONVERSION = YES;
				CLANG_WARN_NON_LITERAL_NULL_CONVERSION = YES;
				CLANG_WARN_OBJC_IMPLICIT_RETAIN_SELF = YES;
				CLANG_WARN_OBJC_LITERAL_CONVERSION = YES;
				CLANG_WARN_OBJC_ROOT_CLASS = YES_ERROR;
				CLANG_WARN_QUOTED_INCLUDE_IN_FRAMEWORK_HEADER = YES;
				CLANG_WARN_RANGE_LOOP_ANALYSIS = YES;
				CLANG_WARN_STRICT_PROTOTYPES = YES;
				CLANG_WARN_SUSPICIOUS_MOVE = YES;
				CLANG_WARN_UNGUARDED_AVAILABILITY = YES_AGGRESSIVE;
				CLANG_WARN_UNREACHABLE_CODE = YES;
				CLANG_WARN__DUPLICATE_METHOD_MATCH = YES;
				COPY_PHASE_STRIP = NO;
				DEBUG_INFORMATION_FORMAT = dwarf;
				ENABLE_STRICT_OBJC_MSGSEND = YES;
				ENABLE_TESTABILITY = YES;
				GCC_C_LANGUAGE_STANDARD = gnu11;
				GCC_DYNAMIC_NO_PIC = NO;
				GCC_NO_COMMON_BLOCKS = YES;
				GCC_OPTIMIZATION_LEVEL = 0;
				GCC_PREPROCESSOR_DEFINITIONS = (
					"DEBUG=1",
					"$(inherited)",
				);
				GCC_WARN_64_TO_32_BIT_CONVERSION = YES;
				GCC_WARN_ABOUT_RETURN_TYPE = YES_ERROR;
				GCC_WARN_UNDECLARED_SELECTOR = YES;
				GCC_WARN_UNINITIALIZED_AUTOS = YES_AGGRESSIVE;
				GCC_WARN_UNUSED_FUNCTION = YES;
				GCC_WARN_UNUSED_VARIABLE = YES;
				IPHONEOS_DEPLOYMENT_TARGET = 16.4;
				MTL_ENABLE_DEBUG_INFO = INCLUDE_SOURCE;
				MTL_FAST_MATH = YES;
				ONLY_ACTIVE_ARCH = YES;
				SDKROOT = iphoneos;
				SWIFT_ACTIVE_COMPILATION_CONDITIONS = DEBUG;
				SWIFT_OPTIMIZATION_LEVEL = "-Onone";
			};
			name = Debug;
		};
		FB176D702A48F5C000F95045 /* Release */ = {
			isa = XCBuildConfiguration;
			buildSettings = {
				ALWAYS_SEARCH_USER_PATHS = NO;
				CLANG_ANALYZER_NONNULL = YES;
				CLANG_ANALYZER_NUMBER_OBJECT_CONVERSION = YES_AGGRESSIVE;
				CLANG_CXX_LANGUAGE_STANDARD = "gnu++20";
				CLANG_ENABLE_MODULES = YES;
				CLANG_ENABLE_OBJC_ARC = YES;
				CLANG_ENABLE_OBJC_WEAK = YES;
				CLANG_WARN_BLOCK_CAPTURE_AUTORELEASING = YES;
				CLANG_WARN_BOOL_CONVERSION = YES;
				CLANG_WARN_COMMA = YES;
				CLANG_WARN_CONSTANT_CONVERSION = YES;
				CLANG_WARN_DEPRECATED_OBJC_IMPLEMENTATIONS = YES;
				CLANG_WARN_DIRECT_OBJC_ISA_USAGE = YES_ERROR;
				CLANG_WARN_DOCUMENTATION_COMMENTS = YES;
				CLANG_WARN_EMPTY_BODY = YES;
				CLANG_WARN_ENUM_CONVERSION = YES;
				CLANG_WARN_INFINITE_RECURSION = YES;
				CLANG_WARN_INT_CONVERSION = YES;
				CLANG_WARN_NON_LITERAL_NULL_CONVERSION = YES;
				CLANG_WARN_OBJC_IMPLICIT_RETAIN_SELF = YES;
				CLANG_WARN_OBJC_LITERAL_CONVERSION = YES;
				CLANG_WARN_OBJC_ROOT_CLASS = YES_ERROR;
				CLANG_WARN_QUOTED_INCLUDE_IN_FRAMEWORK_HEADER = YES;
				CLANG_WARN_RANGE_LOOP_ANALYSIS = YES;
				CLANG_WARN_STRICT_PROTOTYPES = YES;
				CLANG_WARN_SUSPICIOUS_MOVE = YES;
				CLANG_WARN_UNGUARDED_AVAILABILITY = YES_AGGRESSIVE;
				CLANG_WARN_UNREACHABLE_CODE = YES;
				CLANG_WARN__DUPLICATE_METHOD_MATCH = YES;
				COPY_PHASE_STRIP = NO;
				DEBUG_INFORMATION_FORMAT = "dwarf-with-dsym";
				ENABLE_NS_ASSERTIONS = NO;
				ENABLE_STRICT_OBJC_MSGSEND = YES;
				GCC_C_LANGUAGE_STANDARD = gnu11;
				GCC_NO_COMMON_BLOCKS = YES;
				GCC_WARN_64_TO_32_BIT_CONVERSION = YES;
				GCC_WARN_ABOUT_RETURN_TYPE = YES_ERROR;
				GCC_WARN_UNDECLARED_SELECTOR = YES;
				GCC_WARN_UNINITIALIZED_AUTOS = YES_AGGRESSIVE;
				GCC_WARN_UNUSED_FUNCTION = YES;
				GCC_WARN_UNUSED_VARIABLE = YES;
				IPHONEOS_DEPLOYMENT_TARGET = 16.4;
				MTL_ENABLE_DEBUG_INFO = NO;
				MTL_FAST_MATH = YES;
				SDKROOT = iphoneos;
				SWIFT_COMPILATION_MODE = wholemodule;
				SWIFT_OPTIMIZATION_LEVEL = "-O";
				VALIDATE_PRODUCT = YES;
			};
			name = Release;
		};
		FB176D722A48F5C000F95045 /* Debug */ = {
			isa = XCBuildConfiguration;
			buildSettings = {
				ASSETCATALOG_COMPILER_APPICON_NAME = AppIcon;
				ASSETCATALOG_COMPILER_GLOBAL_ACCENT_COLOR_NAME = AccentColor;
				CODE_SIGN_STYLE = Automatic;
				CURRENT_PROJECT_VERSION = 1;
				DEVELOPMENT_TEAM = 29LG774JBH;
				GENERATE_INFOPLIST_FILE = YES;
				INFOPLIST_FILE = guessCountriesFlag/Info.plist;
				INFOPLIST_KEY_UIApplicationSupportsIndirectInputEvents = YES;
				INFOPLIST_KEY_UILaunchStoryboardName = LaunchScreen;
				INFOPLIST_KEY_UIMainStoryboardFile = Main;
				INFOPLIST_KEY_UISupportedInterfaceOrientations_iPad = "UIInterfaceOrientationPortrait UIInterfaceOrientationPortraitUpsideDown UIInterfaceOrientationLandscapeLeft UIInterfaceOrientationLandscapeRight";
				INFOPLIST_KEY_UISupportedInterfaceOrientations_iPhone = "UIInterfaceOrientationPortrait UIInterfaceOrientationLandscapeLeft UIInterfaceOrientationLandscapeRight";
				LD_RUNPATH_SEARCH_PATHS = (
					"$(inherited)",
					"@executable_path/Frameworks",
				);
				MARKETING_VERSION = 1.0;
				PRODUCT_BUNDLE_IDENTIFIER = com.Deneme.guessCountriesFlag;
				PRODUCT_NAME = "$(TARGET_NAME)";
				SWIFT_EMIT_LOC_STRINGS = YES;
				SWIFT_VERSION = 5.0;
				TARGETED_DEVICE_FAMILY = "1,2";
			};
			name = Debug;
		};
		FB176D732A48F5C000F95045 /* Release */ = {
			isa = XCBuildConfiguration;
			buildSettings = {
				ASSETCATALOG_COMPILER_APPICON_NAME = AppIcon;
				ASSETCATALOG_COMPILER_GLOBAL_ACCENT_COLOR_NAME = AccentColor;
				CODE_SIGN_STYLE = Automatic;
				CURRENT_PROJECT_VERSION = 1;
				DEVELOPMENT_TEAM = 29LG774JBH;
				GENERATE_INFOPLIST_FILE = YES;
				INFOPLIST_FILE = guessCountriesFlag/Info.plist;
				INFOPLIST_KEY_UIApplicationSupportsIndirectInputEvents = YES;
				INFOPLIST_KEY_UILaunchStoryboardName = LaunchScreen;
				INFOPLIST_KEY_UIMainStoryboardFile = Main;
				INFOPLIST_KEY_UISupportedInterfaceOrientations_iPad = "UIInterfaceOrientationPortrait UIInterfaceOrientationPortraitUpsideDown UIInterfaceOrientationLandscapeLeft UIInterfaceOrientationLandscapeRight";
				INFOPLIST_KEY_UISupportedInterfaceOrientations_iPhone = "UIInterfaceOrientationPortrait UIInterfaceOrientationLandscapeLeft UIInterfaceOrientationLandscapeRight";
				LD_RUNPATH_SEARCH_PATHS = (
					"$(inherited)",
					"@executable_path/Frameworks",
				);
				MARKETING_VERSION = 1.0;
				PRODUCT_BUNDLE_IDENTIFIER = com.Deneme.guessCountriesFlag;
				PRODUCT_NAME = "$(TARGET_NAME)";
				SWIFT_EMIT_LOC_STRINGS = YES;
				SWIFT_VERSION = 5.0;
				TARGETED_DEVICE_FAMILY = "1,2";
			};
			name = Release;
		};
/* End XCBuildConfiguration section */

/* Begin XCConfigurationList section */
		FB176D582A48F5BF00F95045 /* Build configuration list for PBXProject "guessCountriesFlag" */ = {
			isa = XCConfigurationList;
			buildConfigurations = (
				FB176D6F2A48F5C000F95045 /* Debug */,
				FB176D702A48F5C000F95045 /* Release */,
			);
			defaultConfigurationIsVisible = 0;
			defaultConfigurationName = Release;
		};
		FB176D712A48F5C000F95045 /* Build configuration list for PBXNativeTarget "guessCountriesFlag" */ = {
			isa = XCConfigurationList;
			buildConfigurations = (
				FB176D722A48F5C000F95045 /* Debug */,
				FB176D732A48F5C000F95045 /* Release */,
			);
			defaultConfigurationIsVisible = 0;
			defaultConfigurationName = Release;
		};
/* End XCConfigurationList section */
	};
	rootObject = FB176D552A48F5BF00F95045 /* Project object */;
}
